
Microsoft Visual Studio Solution File, Format Version 12.00
# Visual Studio Version 17
VisualStudioVersion = 17.6.33801.468
MinimumVisualStudioVersion = 10.0.40219.1
Project("{FAE04EC0-301F-11D3-BF4B-00C04F79EFBC}") = "tablaMultiplicar", "tablaMultiplicar\tablaMultiplicar.csproj", "{A2768483-3BEC-4791-AE4F-8A257F20AF4E}"
EndProject
Global
	GlobalSection(SolutionConfigurationPlatforms) = preSolution
		Debug|Any CPU = Debug|Any CPU
		Release|Any CPU = Release|Any CPU
	EndGlobalSection
	GlobalSection(ProjectConfigurationPlatforms) = postSolution
		{A2768483-3BEC-4791-AE4F-8A257F20AF4E}.Debug|Any CPU.ActiveCfg = Debug|Any CPU
		{A2768483-3BEC-4791-AE4F-8A257F20AF4E}.Debug|Any CPU.Build.0 = Debug|Any CPU
		{A2768483-3BEC-4791-AE4F-8A257F20AF4E}.Release|Any CPU.ActiveCfg = Release|Any CPU
		{A2768483-3BEC-4791-AE4F-8A257F20AF4E}.Release|Any CPU.Build.0 = Release|Any CPU
	EndGlobalSection
	GlobalSection(SolutionProperties) = preSolution
		HideSolutionNode = FALSE
	EndGlobalSection
	GlobalSection(ExtensibilityGlobals) = postSolution
		SolutionGuid = {D829096F-0577-4DC8-A03C-335FC62BE81B}
	EndGlobalSection
EndGlobal
